
Microsoft Visual Studio Solution File, Format Version 12.00
# Visual Studio Version 17
VisualStudioVersion = 17.5.002.0
MinimumVisualStudioVersion = 10.0.40219.1
Project("{9A19103F-16F7-4668-BE54-9A1E7A4F7556}") = "MeetApp", "MeetApp.csproj", "{C56985C6-07A8-4C75-9A8B-9568267C611B}"
EndProject
Global
	GlobalSection(SolutionConfigurationPlatforms) = preSolution
		Debug|Any CPU = Debug|Any CPU
		Release|Any CPU = Release|Any CPU
	EndGlobalSection
	GlobalSection(ProjectConfigurationPlatforms) = postSolution
		{C56985C6-07A8-4C75-9A8B-9568267C611B}.Debug|Any CPU.ActiveCfg = Debug|Any CPU
		{C56985C6-07A8-4C75-9A8B-9568267C611B}.Debug|Any CPU.Build.0 = Debug|Any CPU
		{C56985C6-07A8-4C75-9A8B-9568267C611B}.Release|Any CPU.ActiveCfg = Release|Any CPU
		{C56985C6-07A8-4C75-9A8B-9568267C611B}.Release|Any CPU.Build.0 = Release|Any CPU
	EndGlobalSection
	GlobalSection(SolutionProperties) = preSolution
		HideSolutionNode = FALSE
	EndGlobalSection
	GlobalSection(ExtensibilityGlobals) = postSolution
		SolutionGuid = {EA835DB7-8167-4F0A-AF4C-5391F613D0D5}
	EndGlobalSection
EndGlobal
